Microsoft Visual Studio Solution File, Format Version 12.00
# Visual Studio Version 17
VisualStudioVersion = 17.0.31903.59
MinimumVisualStudioVersion = 10.0.40219.1
Project("{FAE04EC0-301F-11D3-BF4B-00C04FEF7D4F}") = "Potion.Tray.Core", "src\Potion.Tray.Core\Potion.Tray.Core.csproj", "{39B0B58A-4D41-46F5-B4BA-210F9D89D03A}"
EndProject
Project("{FAE04EC0-301F-11D3-BF4B-00C04FEF7D4F}") = "Potion.Tray", "src\Potion.Tray\Potion.Tray.csproj", "{D4A38A33-9E6A-4BBF-956E-8DCCDFBDBA6C}"
EndProject
Project("{FAE04EC0-301F-11D3-BF4B-00C04FEF7D4F}") = "Potion.Tray.Core.Tests", "tests\Potion.Tray.Core.Tests\Potion.Tray.Core.Tests.csproj", "{9CB7CFB7-C5DD-4C44-94D4-7FDD1F9873A9}"
EndProject
Global
	GlobalSection(SolutionConfigurationPlatforms) = preSolution
		Debug|Any CPU = Debug|Any CPU
		Release|Any CPU = Release|Any CPU
	EndGlobalSection
	GlobalSection(ProjectConfigurationPlatforms) = postSolution
		{39B0B58A-4D41-46F5-B4BA-210F9D89D03A}.Debug|Any CPU.ActiveCfg = Debug|Any CPU
		{39B0B58A-4D41-46F5-B4BA-210F9D89D03A}.Debug|Any CPU.Build.0 = Debug|Any CPU
		{39B0B58A-4D41-46F5-B4BA-210F9D89D03A}.Release|Any CPU.ActiveCfg = Release|Any CPU
		{39B0B58A-4D41-46F5-B4BA-210F9D89D03A}.Release|Any CPU.Build.0 = Release|Any CPU
		{D4A38A33-9E6A-4BBF-956E-8DCCDFBDBA6C}.Debug|Any CPU.ActiveCfg = Debug|Any CPU
		{D4A38A33-9E6A-4BBF-956E-8DCCDFBDBA6C}.Debug|Any CPU.Build.0 = Debug|Any CPU
		{D4A38A33-9E6A-4BBF-956E-8DCCDFBDBA6C}.Release|Any CPU.ActiveCfg = Release|Any CPU
		{D4A38A33-9E6A-4BBF-956E-8DCCDFBDBA6C}.Release|Any CPU.Build.0 = Release|Any CPU
		{9CB7CFB7-C5DD-4C44-94D4-7FDD1F9873A9}.Debug|Any CPU.ActiveCfg = Debug|Any CPU
		{9CB7CFB7-C5DD-4C44-94D4-7FDD1F9873A9}.Debug|Any CPU.Build.0 = Debug|Any CPU
		{9CB7CFB7-C5DD-4C44-94D4-7FDD1F9873A9}.Release|Any CPU.ActiveCfg = Release|Any CPU
		{9CB7CFB7-C5DD-4C44-94D4-7FDD1F9873A9}.Release|Any CPU.Build.0 = Release|Any CPU
	EndGlobalSection
	GlobalSection(SolutionProperties) = preSolution
		HideSolutionNode = FALSE
	EndGlobalSection
EndGlobal
